
Microsoft Visual Studio Solution File, Format Version 12.00
# Visual Studio Version 17
VisualStudioVersion = 17.7.34221.43
MinimumVisualStudioVersion = 10.0.40219.1
Project("{9A19103F-16F7-4668-BE54-9A1E7A4F7556}") = "POOProgII", "POOProgII.csproj", "{D582C372-7942-48DD-B183-34F429005EEE}"
EndProject
Global
	GlobalSection(SolutionConfigurationPlatforms) = preSolution
		Debug|Any CPU = Debug|Any CPU
		Release|Any CPU = Release|Any CPU
	EndGlobalSection
	GlobalSection(ProjectConfigurationPlatforms) = postSolution
		{D582C372-7942-48DD-B183-34F429005EEE}.Debug|Any CPU.ActiveCfg = Debug|Any CPU
		{D582C372-7942-48DD-B183-34F429005EEE}.Debug|Any CPU.Build.0 = Debug|Any CPU
		{D582C372-7942-48DD-B183-34F429005EEE}.Release|Any CPU.ActiveCfg = Release|Any CPU
		{D582C372-7942-48DD-B183-34F429005EEE}.Release|Any CPU.Build.0 = Release|Any CPU
	EndGlobalSection
	GlobalSection(SolutionProperties) = preSolution
		HideSolutionNode = FALSE
	EndGlobalSection
	GlobalSection(ExtensibilityGlobals) = postSolution
		SolutionGuid = {7C223889-DD21-4A60-9B5C-59AA34813E2B}
	EndGlobalSection
EndGlobal
